
Microsoft Visual Studio Solution File, Format Version 12.00
# Visual Studio 15
VisualStudioVersion = 15.0.28307.271
MinimumVisualStudioVersion = 10.0.40219.1
Project("{FAE04EC0-301F-11D3-BF4B-00C04F79EFBC}") = "stuckpixel", "stuckpixel\stuckpixel.csproj", "{2F242E4B-738F-49C2-B716-1E7B61B4DF52}"
EndProject
Global
	GlobalSection(SolutionConfigurationPlatforms) = preSolution
		Debug|Any CPU = Debug|Any CPU
		Release|Any CPU = Release|Any CPU
	EndGlobalSection
	GlobalSection(ProjectConfigurationPlatforms) = postSolution
		{2F242E4B-738F-49C2-B716-1E7B61B4DF52}.Debug|Any CPU.ActiveCfg = Debug|Any CPU
		{2F242E4B-738F-49C2-B716-1E7B61B4DF52}.Debug|Any CPU.Build.0 = Debug|Any CPU
		{2F242E4B-738F-49C2-B716-1E7B61B4DF52}.Release|Any CPU.ActiveCfg = Release|Any CPU
		{2F242E4B-738F-49C2-B716-1E7B61B4DF52}.Release|Any CPU.Build.0 = Release|Any CPU
	EndGlobalSection
	GlobalSection(SolutionProperties) = preSolution
		HideSolutionNode = FALSE
	EndGlobalSection
	GlobalSection(ExtensibilityGlobals) = postSolution
		SolutionGuid = {A91E06FC-2A61-4512-910C-F2F0B4F9098D}
	EndGlobalSection
EndGlobal
